// !$*UTF8*$!
{
	archiveVersion = 1;
	classes = {
	};
	objectVersion = 55;
	objects = {

/* Begin PBXBuildFile section */
		E151B81A28156FE3001BE4CC /* response.json in Resources */ = {isa = PBXBuildFile; fileRef = E151B81928156FE3001BE4CC /* response.json */; };
		E16F70FE280B095000AE488B /* ExpenseTrackerApp.swift in Sources */ = {isa = PBXBuildFile; fileRef = E16F70FD280B095000AE488B /* ExpenseTrackerApp.swift */; };
		E16F7100280B095000AE488B /* ContentView.swift in Sources */ = {isa = PBXBuildFile; fileRef = E16F70FF280B095000AE488B /* ContentView.swift */; };
		E16F7102280B095200AE488B /* Assets.xcassets in Resources */ = {isa = PBXBuildFile; fileRef = E16F7101280B095200AE488B /* Assets.xcassets */; };
		E16F7105280B095200AE488B /* Preview Assets.xcassets in Resources */ = {isa = PBXBuildFile; fileRef = E16F7104280B095200AE488B /* Preview Assets.xcassets */; };
		E16F710C280B109100AE488B /* Extensions.swift in Sources */ = {isa = PBXBuildFile; fileRef = E16F710B280B109100AE488B /* Extensions.swift */; };
		E16F710E280B257400AE488B /* TransactionModel.swift in Sources */ = {isa = PBXBuildFile; fileRef = E16F710D280B257400AE488B /* TransactionModel.swift */; };
		E16F7110280B274A00AE488B /* PreviewData.swift in Sources */ = {isa = PBXBuildFile; fileRef = E16F710F280B274A00AE488B /* PreviewData.swift */; };
		E16F7112280B284700AE488B /* TransactionRow.swift in Sources */ = {isa = PBXBuildFile; fileRef = E16F7111280B284700AE488B /* TransactionRow.swift */; };
		E16F7115280B584E00AE488B /* SwiftUIFontIcon in Frameworks */ = {isa = PBXBuildFile; productRef = E16F7114280B584E00AE488B /* SwiftUIFontIcon */; };
		E16F7117280B5AFC00AE488B /* TransactionListViewModel.swift in Sources */ = {isa = PBXBuildFile; fileRef = E16F7116280B5AFC00AE488B /* TransactionListViewModel.swift */; };
		E175B6412814741300FF02E6 /* TransactionListView.swift in Sources */ = {isa = PBXBuildFile; fileRef = E175B6402814741300FF02E6 /* TransactionListView.swift */; };
		E175B64428147BED00FF02E6 /* Collections in Frameworks */ = {isa = PBXBuildFile; productRef = E175B64328147BED00FF02E6 /* Collections */; };
		E175B64728147D5E00FF02E6 /* SwiftUICharts in Frameworks */ = {isa = PBXBuildFile; productRef = E175B64628147D5E00FF02E6 /* SwiftUICharts */; };
		E1E32488281460A600879C06 /* RecentTransactionListView.swift in Sources */ = {isa = PBXBuildFile; fileRef = E1E32487281460A600879C06 /* RecentTransactionListView.swift */; };
/* End PBXBuildFile section */

/* Begin PBXFileReference section */
		E151B81928156FE3001BE4CC /* response.json */ = {isa = PBXFileReference; lastKnownFileType = text.json; path = response.json; sourceTree = "<group>"; };
		E16F70FA280B095000AE488B /* ExpenseTracker.app */ = {isa = PBXFileReference; explicitFileType = wrapper.application; includeInIndex = 0; path = ExpenseTracker.app; sourceTree = BUILT_PRODUCTS_DIR; };
		E16F70FD280B095000AE488B /* ExpenseTrackerApp.swift */ = {isa = PBXFileReference; lastKnownFileType = sourcecode.swift; path = ExpenseTrackerApp.swift; sourceTree = "<group>"; };
		E16F70FF280B095000AE488B /* ContentView.swift */ = {isa = PBXFileReference; lastKnownFileType = sourcecode.swift; path = ContentView.swift; sourceTree = "<group>"; };
		E16F7101280B095200AE488B /* Assets.xcassets */ = {isa = PBXFileReference; lastKnownFileType = folder.assetcatalog; path = Assets.xcassets; sourceTree = "<group>"; };
		E16F7104280B095200AE488B /* Preview Assets.xcassets */ = {isa = PBXFileReference; lastKnownFileType = folder.assetcatalog; path = "Preview Assets.xcassets"; sourceTree = "<group>"; };
		E16F710B280B109100AE488B /* Extensions.swift */ = {isa = PBXFileReference; lastKnownFileType = sourcecode.swift; path = Extensions.swift; sourceTree = "<group>"; };
		E16F710D280B257400AE488B /* TransactionModel.swift */ = {isa = PBXFileReference; lastKnownFileType = sourcecode.swift; path = TransactionModel.swift; sourceTree = "<group>"; };
		E16F710F280B274A00AE488B /* PreviewData.swift */ = {isa = PBXFileReference; lastKnownFileType = sourcecode.swift; path = PreviewData.swift; sourceTree = "<group>"; };
		E16F7111280B284700AE488B /* TransactionRow.swift */ = {isa = PBXFileReference; lastKnownFileType = sourcecode.swift; path = TransactionRow.swift; sourceTree = "<group>"; };
		E16F7116280B5AFC00AE488B /* TransactionListViewModel.swift */ = {isa = PBXFileReference; lastKnownFileType = sourcecode.swift; path = TransactionListViewModel.swift; sourceTree = "<group>"; };
		E175B6402814741300FF02E6 /* TransactionListView.swift */ = {isa = PBXFileReference; lastKnownFileType = sourcecode.swift; path = TransactionListView.swift; sourceTree = "<group>"; };
		E1E32487281460A600879C06 /* RecentTransactionListView.swift */ = {isa = PBXFileReference; lastKnownFileType = sourcecode.swift; path = RecentTransactionListView.swift; sourceTree = "<group>"; };
/* End PBXFileReference section */

/* Begin PBXFrameworksBuildPhase section */
		E16F70F7280B095000AE488B /* Frameworks */ = {
			isa = PBXFrameworksBuildPhase;
			buildActionMask = 2147483647;
			files = (
				E175B64728147D5E00FF02E6 /* SwiftUICharts in Frameworks */,
				E175B64428147BED00FF02E6 /* Collections in Frameworks */,
				E16F7115280B584E00AE488B /* SwiftUIFontIcon in Frameworks */,
			);
			runOnlyForDeploymentPostprocessing = 0;
		};
/* End PBXFrameworksBuildPhase section */

/* Begin PBXGroup section */
		E151B81128156E09001BE4CC /* Model */ = {
			isa = PBXGroup;
			children = (
				E16F710D280B257400AE488B /* TransactionModel.swift */,
			);
			path = Model;
			sourceTree = "<group>";
		};
		E151B81228156E10001BE4CC /* View */ = {
			isa = PBXGroup;
			children = (
				E16F70FF280B095000AE488B /* ContentView.swift */,
				E16F7111280B284700AE488B /* TransactionRow.swift */,
			);
			path = View;
			sourceTree = "<group>";
		};
		E151B81328156E18001BE4CC /* RecentTransactionList */ = {
			isa = PBXGroup;
			children = (
				E151B81728156EFA001BE4CC /* View */,
			);
			path = RecentTransactionList;
			sourceTree = "<group>";
		};
		E151B81428156E5D001BE4CC /* TransactionList */ = {
			isa = PBXGroup;
			children = (
				E151B81628156EE2001BE4CC /* View */,
			);
			path = TransactionList;
			sourceTree = "<group>";
		};
		E151B81528156E95001BE4CC /* SubModules */ = {
			isa = PBXGroup;
			children = (
				E151B81328156E18001BE4CC /* RecentTransactionList */,
				E151B81428156E5D001BE4CC /* TransactionList */,
			);
			path = SubModules;
			sourceTree = "<group>";
		};
		E151B81628156EE2001BE4CC /* View */ = {
			isa = PBXGroup;
			children = (
				E175B6402814741300FF02E6 /* TransactionListView.swift */,
			);
			path = View;
			sourceTree = "<group>";
		};
		E151B81728156EFA001BE4CC /* View */ = {
			isa = PBXGroup;
			children = (
				E1E32487281460A600879C06 /* RecentTransactionListView.swift */,
			);
			path = View;
			sourceTree = "<group>";
		};
		E151B81828156F1B001BE4CC /* ViewModel */ = {
			isa = PBXGroup;
			children = (
				E16F7116280B5AFC00AE488B /* TransactionListViewModel.swift */,
			);
			path = ViewModel;
			sourceTree = "<group>";
		};
		E16F70F1280B095000AE488B = {
			isa = PBXGroup;
			children = (
				E16F70FC280B095000AE488B /* ExpenseTracker */,
				E16F70FB280B095000AE488B /* Products */,
			);
			sourceTree = "<group>";
		};
		E16F70FB280B095000AE488B /* Products */ = {
			isa = PBXGroup;
			children = (
				E16F70FA280B095000AE488B /* ExpenseTracker.app */,
			);
			name = Products;
			sourceTree = "<group>";
		};
		E16F70FC280B095000AE488B /* ExpenseTracker */ = {
			isa = PBXGroup;
			children = (
				E16F70FD280B095000AE488B /* ExpenseTrackerApp.swift */,
				E151B81128156E09001BE4CC /* Model */,
				E151B81228156E10001BE4CC /* View */,
				E151B81828156F1B001BE4CC /* ViewModel */,
				E151B81528156E95001BE4CC /* SubModules */,
				E16F710B280B109100AE488B /* Extensions.swift */,
				E16F7101280B095200AE488B /* Assets.xcassets */,
				E16F7103280B095200AE488B /* Preview Content */,
			);
			path = ExpenseTracker;
			sourceTree = "<group>";
		};
		E16F7103280B095200AE488B /* Preview Content */ = {
			isa = PBXGroup;
			children = (
				E16F7104280B095200AE488B /* Preview Assets.xcassets */,
				E16F710F280B274A00AE488B /* PreviewData.swift */,
				E151B81928156FE3001BE4CC /* response.json */,
			);
			path = "Preview Content";
			sourceTree = "<group>";
		};
/* End PBXGroup section */

/* Begin PBXNativeTarget section */
		E16F70F9280B095000AE488B /* ExpenseTracker */ = {
			isa = PBXNativeTarget;
			buildConfigurationList = E16F7108280B095200AE488B /* Build configuration list for PBXNativeTarget "ExpenseTracker" */;
			buildPhases = (
				E16F70F6280B095000AE488B /* Sources */,
				E16F70F7280B095000AE488B /* Frameworks */,
				E16F70F8280B095000AE488B /* Resources */,
			);
			buildRules = (
			);
			dependencies = (
			);
			name = ExpenseTracker;
			packageProductDependencies = (
				E16F7114280B584E00AE488B /* SwiftUIFontIcon */,
				E175B64328147BED00FF02E6 /* Collections */,
				E175B64628147D5E00FF02E6 /* SwiftUICharts */,
			);
			productName = ExpenseTracker;
			productReference = E16F70FA280B095000AE488B /* ExpenseTracker.app */;
			productType = "com.apple.product-type.application";
		};
/* End PBXNativeTarget section */

/* Begin PBXProject section */
		E16F70F2280B095000AE488B /* Project object */ = {
			isa = PBXProject;
			attributes = {
				BuildIndependentTargetsInParallel = 1;
				LastSwiftUpdateCheck = 1320;
				LastUpgradeCheck = 1320;
				TargetAttributes = {
					E16F70F9280B095000AE488B = {
						CreatedOnToolsVersion = 13.2.1;
					};
				};
			};
			buildConfigurationList = E16F70F5280B095000AE488B /* Build configuration list for PBXProject "ExpenseTracker" */;
			compatibilityVersion = "Xcode 13.0";
			developmentRegion = en;
			hasScannedForEncodings = 0;
			knownRegions = (
				en,
				Base,
			);
			mainGroup = E16F70F1280B095000AE488B;
			packageReferences = (
				E16F7113280B584E00AE488B /* XCRemoteSwiftPackageReference "SwiftUIFontIcon" */,
				E175B64228147BED00FF02E6 /* XCRemoteSwiftPackageReference "swift-collections" */,
				E175B64528147D5E00FF02E6 /* XCRemoteSwiftPackageReference "ChartView" */,
			);
			productRefGroup = E16F70FB280B095000AE488B /* Products */;
			projectDirPath = "";
			projectRoot = "";
			targets = (
				E16F70F9280B095000AE488B /* ExpenseTracker */,
			);
		};
/* End PBXProject section */

/* Begin PBXResourcesBuildPhase section */
		E16F70F8280B095000AE488B /* Resources */ = {
			isa = PBXResourcesBuildPhase;
			buildActionMask = 2147483647;
			files = (
				E16F7105280B095200AE488B /* Preview Assets.xcassets in Resources */,
				E16F7102280B095200AE488B /* Assets.xcassets in Resources */,
				E151B81A28156FE3001BE4CC /* response.json in Resources */,
			);
			runOnlyForDeploymentPostprocessing = 0;
		};
/* End PBXResourcesBuildPhase section */

/* Begin PBXSourcesBuildPhase section */
		E16F70F6280B095000AE488B /* Sources */ = {
			isa = PBXSourcesBuildPhase;
			buildActionMask = 2147483647;
			files = (
				E1E32488281460A600879C06 /* RecentTransactionListView.swift in Sources */,
				E16F7110280B274A00AE488B /* PreviewData.swift in Sources */,
				E175B6412814741300FF02E6 /* TransactionListView.swift in Sources */,
				E16F710E280B257400AE488B /* TransactionModel.swift in Sources */,
				E16F7100280B095000AE488B /* ContentView.swift in Sources */,
				E16F7112280B284700AE488B /* TransactionRow.swift in Sources */,
				E16F710C280B109100AE488B /* Extensions.swift in Sources */,
				E16F7117280B5AFC00AE488B /* TransactionListViewModel.swift in Sources */,
				E16F70FE280B095000AE488B /* ExpenseTrackerApp.swift in Sources */,
			);
			runOnlyForDeploymentPostprocessing = 0;
		};
/* End PBXSourcesBuildPhase section */

/* Begin XCBuildConfiguration section */
		E16F7106280B095200AE488B /* Debug */ = {
			isa = XCBuildConfiguration;
			buildSettings = {
				ALWAYS_SEARCH_USER_PATHS = NO;
				CLANG_ANALYZER_NONNULL = YES;
				CLANG_ANALYZER_NUMBER_OBJECT_CONVERSION = YES_AGGRESSIVE;
				CLANG_CXX_LANGUAGE_STANDARD = "gnu++17";
				CLANG_CXX_LIBRARY = "libc++";
				CLANG_ENABLE_MODULES = YES;
				CLANG_ENABLE_OBJC_ARC = YES;
				CLANG_ENABLE_OBJC_WEAK = YES;
				CLANG_WARN_BLOCK_CAPTURE_AUTORELEASING = YES;
				CLANG_WARN_BOOL_CONVERSION = YES;
				CLANG_WARN_COMMA = YES;
				CLANG_WARN_CONSTANT_CONVERSION = YES;
				CLANG_WARN_DEPRECATED_OBJC_IMPLEMENTATIONS = YES;
				CLANG_WARN_DIRECT_OBJC_ISA_USAGE = YES_ERROR;
				CLANG_WARN_DOCUMENTATION_COMMENTS = YES;
				CLANG_WARN_EMPTY_BODY = YES;
				CLANG_WARN_ENUM_CONVERSION = YES;
				CLANG_WARN_INFINITE_RECURSION = YES;
				CLANG_WARN_INT_CONVERSION = YES;
				CLANG_WARN_NON_LITERAL_NULL_CONVERSION = YES;
				CLANG_WARN_OBJC_IMPLICIT_RETAIN_SELF = YES;
				CLANG_WARN_OBJC_LITERAL_CONVERSION = YES;
				CLANG_WARN_OBJC_ROOT_CLASS = YES_ERROR;
				CLANG_WARN_QUOTED_INCLUDE_IN_FRAMEWORK_HEADER = YES;
				CLANG_WARN_RANGE_LOOP_ANALYSIS = YES;
				CLANG_WARN_STRICT_PROTOTYPES = YES;
				CLANG_WARN_SUSPICIOUS_MOVE = YES;
				CLANG_WARN_UNGUARDED_AVAILABILITY = YES_AGGRESSIVE;
				CLANG_WARN_UNREACHABLE_CODE = YES;
				CLANG_WARN__DUPLICATE_METHOD_MATCH = YES;
				COPY_PHASE_STRIP = NO;
				DEBUG_INFORMATION_FORMAT = dwarf;
				ENABLE_STRICT_OBJC_MSGSEND = YES;
				ENABLE_TESTABILITY = YES;
				GCC_C_LANGUAGE_STANDARD = gnu11;
				GCC_DYNAMIC_NO_PIC = NO;
				GCC_NO_COMMON_BLOCKS = YES;
				GCC_OPTIMIZATION_LEVEL = 0;
				GCC_PREPROCESSOR_DEFINITIONS = (
					"DEBUG=1",
					"$(inherited)",
				);
				GCC_WARN_64_TO_32_BIT_CONVERSION = YES;
				GCC_WARN_ABOUT_RETURN_TYPE = YES_ERROR;
				GCC_WARN_UNDECLARED_SELECTOR = YES;
				GCC_WARN_UNINITIALIZED_AUTOS = YES_AGGRESSIVE;
				GCC_WARN_UNUSED_FUNCTION = YES;
				GCC_WARN_UNUSED_VARIABLE = YES;
				IPHONEOS_DEPLOYMENT_TARGET = 15.2;
				MTL_ENABLE_DEBUG_INFO = INCLUDE_SOURCE;
				MTL_FAST_MATH = YES;
				ONLY_ACTIVE_ARCH = YES;
				SDKROOT = iphoneos;
				SWIFT_ACTIVE_COMPILATION_CONDITIONS = DEBUG;
				SWIFT_OPTIMIZATION_LEVEL = "-Onone";
			};
			name = Debug;
		};
		E16F7107280B095200AE488B /* Release */ = {
			isa = XCBuildConfiguration;
			buildSettings = {
				ALWAYS_SEARCH_USER_PATHS = NO;
				CLANG_ANALYZER_NONNULL = YES;
				CLANG_ANALYZER_NUMBER_OBJECT_CONVERSION = YES_AGGRESSIVE;
				CLANG_CXX_LANGUAGE_STANDARD = "gnu++17";
				CLANG_CXX_LIBRARY = "libc++";
				CLANG_ENABLE_MODULES = YES;
				CLANG_ENABLE_OBJC_ARC = YES;
				CLANG_ENABLE_OBJC_WEAK = YES;
				CLANG_WARN_BLOCK_CAPTURE_AUTORELEASING = YES;
				CLANG_WARN_BOOL_CONVERSION = YES;
				CLANG_WARN_COMMA = YES;
				CLANG_WARN_CONSTANT_CONVERSION = YES;
				CLANG_WARN_DEPRECATED_OBJC_IMPLEMENTATIONS = YES;
				CLANG_WARN_DIRECT_OBJC_ISA_USAGE = YES_ERROR;
				CLANG_WARN_DOCUMENTATION_COMMENTS = YES;
				CLANG_WARN_EMPTY_BODY = YES;
				CLANG_WARN_ENUM_CONVERSION = YES;
				CLANG_WARN_INFINITE_RECURSION = YES;
				CLANG_WARN_INT_CONVERSION = YES;
				CLANG_WARN_NON_LITERAL_NULL_CONVERSION = YES;
				CLANG_WARN_OBJC_IMPLICIT_RETAIN_SELF = YES;
				CLANG_WARN_OBJC_LITERAL_CONVERSION = YES;
				CLANG_WARN_OBJC_ROOT_CLASS = YES_ERROR;
				CLANG_WARN_QUOTED_INCLUDE_IN_FRAMEWORK_HEADER = YES;
				CLANG_WARN_RANGE_LOOP_ANALYSIS = YES;
				CLANG_WARN_STRICT_PROTOTYPES = YES;
				CLANG_WARN_SUSPICIOUS_MOVE = YES;
				CLANG_WARN_UNGUARDED_AVAILABILITY = YES_AGGRESSIVE;
				CLANG_WARN_UNREACHABLE_CODE = YES;
				CLANG_WARN__DUPLICATE_METHOD_MATCH = YES;
				COPY_PHASE_STRIP = NO;
				DEBUG_INFORMATION_FORMAT = "dwarf-with-dsym";
				ENABLE_NS_ASSERTIONS = NO;
				ENABLE_STRICT_OBJC_MSGSEND = YES;
				GCC_C_LANGUAGE_STANDARD = gnu11;
				GCC_NO_COMMON_BLOCKS = YES;
				GCC_WARN_64_TO_32_BIT_CONVERSION = YES;
				GCC_WARN_ABOUT_RETURN_TYPE = YES_ERROR;
				GCC_WARN_UNDECLARED_SELECTOR = YES;
				GCC_WARN_UNINITIALIZED_AUTOS = YES_AGGRESSIVE;
				GCC_WARN_UNUSED_FUNCTION = YES;
				GCC_WARN_UNUSED_VARIABLE = YES;
				IPHONEOS_DEPLOYMENT_TARGET = 15.2;
				MTL_ENABLE_DEBUG_INFO = NO;
				MTL_FAST_MATH = YES;
				SDKROOT = iphoneos;
				SWIFT_COMPILATION_MODE = wholemodule;
				SWIFT_OPTIMIZATION_LEVEL = "-O";
				VALIDATE_PRODUCT = YES;
			};
			name = Release;
		};
		E16F7109280B095200AE488B /* Debug */ = {
			isa = XCBuildConfiguration;
			buildSettings = {
				ASSETCATALOG_COMPILER_APPICON_NAME = AppIcon;
				ASSETCATALOG_COMPILER_GLOBAL_ACCENT_COLOR_NAME = AccentColor;
				CODE_SIGN_STYLE = Automatic;
				CURRENT_PROJECT_VERSION = 1;
				DEVELOPMENT_ASSET_PATHS = "\"ExpenseTracker/Preview Content\"";
				DEVELOPMENT_TEAM = R38K25C8UB;
				ENABLE_PREVIEWS = YES;
				GENERATE_INFOPLIST_FILE = YES;
				INFOPLIST_KEY_UIApplicationSceneManifest_Generation = YES;
				INFOPLIST_KEY_UIApplicationSupportsIndirectInputEvents = YES;
				INFOPLIST_KEY_UILaunchScreen_Generation = YES;
				INFOPLIST_KEY_UISupportedInterfaceOrientations_iPad = "UIInterfaceOrientationPortrait UIInterfaceOrientationPortraitUpsideDown UIInterfaceOrientationLandscapeLeft UIInterfaceOrientationLandscapeRight";
				INFOPLIST_KEY_UISupportedInterfaceOrientations_iPhone = "UIInterfaceOrientationPortrait UIInterfaceOrientationLandscapeLeft UIInterfaceOrientationLandscapeRight";
				LD_RUNPATH_SEARCH_PATHS = (
					"$(inherited)",
					"@executable_path/Frameworks",
				);
				MARKETING_VERSION = 1.0;
				PRODUCT_BUNDLE_IDENTIFIER = com.ozhayta.ExpenseTracker;
				PRODUCT_NAME = "$(TARGET_NAME)";
				SWIFT_EMIT_LOC_STRINGS = YES;
				SWIFT_VERSION = 5.0;
				TARGETED_DEVICE_FAMILY = "1,2";
			};
			name = Debug;
		};
		E16F710A280B095200AE488B /* Release */ = {
			isa = XCBuildConfiguration;
			buildSettings = {
				ASSETCATALOG_COMPILER_APPICON_NAME = AppIcon;
				ASSETCATALOG_COMPILER_GLOBAL_ACCENT_COLOR_NAME = AccentColor;
				CODE_SIGN_STYLE = Automatic;
				CURRENT_PROJECT_VERSION = 1;
				DEVELOPMENT_ASSET_PATHS = "\"ExpenseTracker/Preview Content\"";
				DEVELOPMENT_TEAM = R38K25C8UB;
				ENABLE_PREVIEWS = YES;
				GENERATE_INFOPLIST_FILE = YES;
				INFOPLIST_KEY_UIApplicationSceneManifest_Generation = YES;
				INFOPLIST_KEY_UIApplicationSupportsIndirectInputEvents = YES;
				INFOPLIST_KEY_UILaunchScreen_Generation = YES;
				INFOPLIST_KEY_UISupportedInterfaceOrientations_iPad = "UIInterfaceOrientationPortrait UIInterfaceOrientationPortraitUpsideDown UIInterfaceOrientationLandscapeLeft UIInterfaceOrientationLandscapeRight";
				INFOPLIST_KEY_UISupportedInterfaceOrientations_iPhone = "UIInterfaceOrientationPortrait UIInterfaceOrientationLandscapeLeft UIInterfaceOrientationLandscapeRight";
				LD_RUNPATH_SEARCH_PATHS = (
					"$(inherited)",
					"@executable_path/Frameworks",
				);
				MARKETING_VERSION = 1.0;
				PRODUCT_BUNDLE_IDENTIFIER = com.ozhayta.ExpenseTracker;
				PRODUCT_NAME = "$(TARGET_NAME)";
				SWIFT_EMIT_LOC_STRINGS = YES;
				SWIFT_VERSION = 5.0;
				TARGETED_DEVICE_FAMILY = "1,2";
			};
			name = Release;
		};
/* End XCBuildConfiguration section */

/* Begin XCConfigurationList section */
		E16F70F5280B095000AE488B /* Build configuration list for PBXProject "ExpenseTracker" */ = {
			isa = XCConfigurationList;
			buildConfigurations = (
				E16F7106280B095200AE488B /* Debug */,
				E16F7107280B095200AE488B /* Release */,
			);
			defaultConfigurationIsVisible = 0;
			defaultConfigurationName = Release;
		};
		E16F7108280B095200AE488B /* Build configuration list for PBXNativeTarget "ExpenseTracker" */ = {
			isa = XCConfigurationList;
			buildConfigurations = (
				E16F7109280B095200AE488B /* Debug */,
				E16F710A280B095200AE488B /* Release */,
			);
			defaultConfigurationIsVisible = 0;
			defaultConfigurationName = Release;
		};
/* End XCConfigurationList section */

/* Begin XCRemoteSwiftPackageReference section */
		E16F7113280B584E00AE488B /* XCRemoteSwiftPackageReference "SwiftUIFontIcon" */ = {
			isa = XCRemoteSwiftPackageReference;
			repositoryURL = "https://github.com/huybuidac/SwiftUIFontIcon";
			requirement = {
				branch = master;
				kind = branch;
			};
		};
		E175B64228147BED00FF02E6 /* XCRemoteSwiftPackageReference "swift-collections" */ = {
			isa = XCRemoteSwiftPackageReference;
			repositoryURL = "https://github.com/apple/swift-collections.git";
			requirement = {
				kind = upToNextMajorVersion;
				minimumVersion = 1.0.2;
			};
		};
		E175B64528147D5E00FF02E6 /* XCRemoteSwiftPackageReference "ChartView" */ = {
			isa = XCRemoteSwiftPackageReference;
			repositoryURL = "https://github.com/AppPear/ChartView";
			requirement = {
				kind = exactVersion;
				version = "2.0.0-beta.2";
			};
		};
/* End XCRemoteSwiftPackageReference section */

/* Begin XCSwiftPackageProductDependency section */
		E16F7114280B584E00AE488B /* SwiftUIFontIcon */ = {
			isa = XCSwiftPackageProductDependency;
			package = E16F7113280B584E00AE488B /* XCRemoteSwiftPackageReference "SwiftUIFontIcon" */;
			productName = SwiftUIFontIcon;
		};
		E175B64328147BED00FF02E6 /* Collections */ = {
			isa = XCSwiftPackageProductDependency;
			package = E175B64228147BED00FF02E6 /* XCRemoteSwiftPackageReference "swift-collections" */;
			productName = Collections;
		};
		E175B64628147D5E00FF02E6 /* SwiftUICharts */ = {
			isa = XCSwiftPackageProductDependency;
			package = E175B64528147D5E00FF02E6 /* XCRemoteSwiftPackageReference "ChartView" */;
			productName = SwiftUICharts;
		};
/* End XCSwiftPackageProductDependency section */
	};
	rootObject = E16F70F2280B095000AE488B /* Project object */;
}
